
Microsoft Visual Studio Solution File, Format Version 10.00
# Visual Studio 2008
Project("{8BC9CEB8-8B4A-11D0-8D11-00A0C91BC942}") = "dshownative", "dshownative.vcproj", "{DF438A3C-C72B-4C7E-BCCF-C4E6548E074B}"
	ProjectSection(ProjectDependencies) = postProject
		{C9A87544-1E80-46EC-9F6A-8F1B3A8EA139} = {C9A87544-1E80-46EC-9F6A-8F1B3A8EA139}
	EndProjectSection
EndProject
Project("{8BC9CEB8-8B4A-11D0-8D11-00A0C91BC942}") = "dshowtool", "dshowtool.vcproj", "{F5292D69-276B-4AB2-A9EF-5EA8C9338463}"
EndProject
Project("{8BC9CEB8-8B4A-11D0-8D11-00A0C91BC942}") = "BaseClasses", "BaseClasses\BaseClasses_vc9.vcproj", "{C9A87544-1E80-46EC-9F6A-8F1B3A8EA139}"
EndProject
Project("{8BC9CEB8-8B4A-11D0-8D11-00A0C91BC942}") = "dumptest", "dumptest\dumptest.vcproj", "{94FAFEC3-7A31-4AAF-8BD9-19008666D6A4}"
	ProjectSection(ProjectDependencies) = postProject
		{DF438A3C-C72B-4C7E-BCCF-C4E6548E074B} = {DF438A3C-C72B-4C7E-BCCF-C4E6548E074B}
		{C9A87544-1E80-46EC-9F6A-8F1B3A8EA139} = {C9A87544-1E80-46EC-9F6A-8F1B3A8EA139}
	EndProjectSection
EndProject
Global
	GlobalSection(SolutionConfigurationPlatforms) = preSolution
		Debug|Win32 = Debug|Win32
		Release|Win32 = Release|Win32
	EndGlobalSection
	GlobalSection(ProjectConfigurationPlatforms) = postSolution
		{DF438A3C-C72B-4C7E-BCCF-C4E6548E074B}.Debug|Win32.ActiveCfg = Debug|Win32
		{DF438A3C-C72B-4C7E-BCCF-C4E6548E074B}.Debug|Win32.Build.0 = Debug|Win32
		{DF438A3C-C72B-4C7E-BCCF-C4E6548E074B}.Release|Win32.ActiveCfg = Release|Win32
		{DF438A3C-C72B-4C7E-BCCF-C4E6548E074B}.Release|Win32.Build.0 = Release|Win32
		{F5292D69-276B-4AB2-A9EF-5EA8C9338463}.Debug|Win32.ActiveCfg = Debug|Win32
		{F5292D69-276B-4AB2-A9EF-5EA8C9338463}.Debug|Win32.Build.0 = Debug|Win32
		{F5292D69-276B-4AB2-A9EF-5EA8C9338463}.Release|Win32.ActiveCfg = Release|Win32
		{C9A87544-1E80-46EC-9F6A-8F1B3A8EA139}.Debug|Win32.ActiveCfg = Debug|Win32
		{C9A87544-1E80-46EC-9F6A-8F1B3A8EA139}.Debug|Win32.Build.0 = Debug|Win32
		{C9A87544-1E80-46EC-9F6A-8F1B3A8EA139}.Release|Win32.ActiveCfg = Release|Win32
		{C9A87544-1E80-46EC-9F6A-8F1B3A8EA139}.Release|Win32.Build.0 = Release|Win32
		{94FAFEC3-7A31-4AAF-8BD9-19008666D6A4}.Debug|Win32.ActiveCfg = Debug|Win32
		{94FAFEC3-7A31-4AAF-8BD9-19008666D6A4}.Debug|Win32.Build.0 = Debug|Win32
		{94FAFEC3-7A31-4AAF-8BD9-19008666D6A4}.Release|Win32.ActiveCfg = Release|Win32
	EndGlobalSection
	GlobalSection(SolutionProperties) = preSolution
		HideSolutionNode = FALSE
	EndGlobalSection
EndGlobal
